// !$*UTF8*$!
{
	archiveVersion = 1;
	classes = {
	};
	objectVersion = 56;
	objects = {

/* Begin PBXBuildFile section */
		8123BAAE2BF6291B0005434D /* SignInView.swift in Sources */ = {isa = PBXBuildFile; fileRef = 8123BAAD2BF6291B0005434D /* SignInView.swift */; };
		81269DFF2BF38F3900A2137D /* ShopnowApp.swift in Sources */ = {isa = PBXBuildFile; fileRef = 81269DFE2BF38F3900A2137D /* ShopnowApp.swift */; };
		81269E012BF38F3900A2137D /* RootView.swift in Sources */ = {isa = PBXBuildFile; fileRef = 81269E002BF38F3900A2137D /* RootView.swift */; };
		81269E032BF38F3A00A2137D /* Assets.xcassets in Resources */ = {isa = PBXBuildFile; fileRef = 81269E022BF38F3A00A2137D /* Assets.xcassets */; };
		81269E062BF38F3A00A2137D /* Preview Assets.xcassets in Resources */ = {isa = PBXBuildFile; fileRef = 81269E052BF38F3A00A2137D /* Preview Assets.xcassets */; };
		81269E0E2BF3939800A2137D /* HomeView.swift in Sources */ = {isa = PBXBuildFile; fileRef = 81269E0D2BF3939800A2137D /* HomeView.swift */; };
		81269E102BF393B100A2137D /* FavoriesView.swift in Sources */ = {isa = PBXBuildFile; fileRef = 81269E0F2BF393B100A2137D /* FavoriesView.swift */; };
		81269E122BF393C100A2137D /* CategoriesView.swift in Sources */ = {isa = PBXBuildFile; fileRef = 81269E112BF393C100A2137D /* CategoriesView.swift */; };
		81269E142BF393DD00A2137D /* BasketView.swift in Sources */ = {isa = PBXBuildFile; fileRef = 81269E132BF393DD00A2137D /* BasketView.swift */; };
		81269E162BF3940600A2137D /* ProfileView.swift in Sources */ = {isa = PBXBuildFile; fileRef = 81269E152BF3940600A2137D /* ProfileView.swift */; };
		8152D2BD2C09EA0D00794036 /* CommentModel.swift in Sources */ = {isa = PBXBuildFile; fileRef = 8152D2BC2C09EA0D00794036 /* CommentModel.swift */; };
		8152D2BF2C09EAA300794036 /* CommentManager.swift in Sources */ = {isa = PBXBuildFile; fileRef = 8152D2BE2C09EAA300794036 /* CommentManager.swift */; };
		8152D2C32C09EBF200794036 /* CommentsView.swift in Sources */ = {isa = PBXBuildFile; fileRef = 8152D2C22C09EBF200794036 /* CommentsView.swift */; };
		8152D2C52C09FA6C00794036 /* AddCommentView.swift in Sources */ = {isa = PBXBuildFile; fileRef = 8152D2C42C09FA6C00794036 /* AddCommentView.swift */; };
		8152D2C82C0A1DF900794036 /* SelectedProductModel.swift in Sources */ = {isa = PBXBuildFile; fileRef = 8152D2C72C0A1DF900794036 /* SelectedProductModel.swift */; };
		8152D2CC2C0A1F6700794036 /* CartViewModel.swift in Sources */ = {isa = PBXBuildFile; fileRef = 8152D2CB2C0A1F6700794036 /* CartViewModel.swift */; };
		815EFA942C0870BD007F106D /* SubCategoriesView.swift in Sources */ = {isa = PBXBuildFile; fileRef = 815EFA932C0870BD007F106D /* SubCategoriesView.swift */; };
		815EFA962C0879E0007F106D /* ProductManager.swift in Sources */ = {isa = PBXBuildFile; fileRef = 815EFA952C0879E0007F106D /* ProductManager.swift */; };
		815EFA982C087A7D007F106D /* ProductModel.swift in Sources */ = {isa = PBXBuildFile; fileRef = 815EFA972C087A7D007F106D /* ProductModel.swift */; };
		815EFA9A2C087BEA007F106D /* ProductsViewModel.swift in Sources */ = {isa = PBXBuildFile; fileRef = 815EFA992C087BEA007F106D /* ProductsViewModel.swift */; };
		815EFA9C2C087CEB007F106D /* ProductListView.swift in Sources */ = {isa = PBXBuildFile; fileRef = 815EFA9B2C087CEB007F106D /* ProductListView.swift */; };
		815EFA9E2C08995F007F106D /* ProductDetailView.swift in Sources */ = {isa = PBXBuildFile; fileRef = 815EFA9D2C08995F007F106D /* ProductDetailView.swift */; };
		81675A362C049AD400C2E0C7 /* MyAccountView.swift in Sources */ = {isa = PBXBuildFile; fileRef = 81675A352C049AD400C2E0C7 /* MyAccountView.swift */; };
		81675A3C2C04B8B400C2E0C7 /* UpdateEmailView.swift in Sources */ = {isa = PBXBuildFile; fileRef = 81675A3B2C04B8B400C2E0C7 /* UpdateEmailView.swift */; };
		8179D43C2C04EE4000927E8E /* MyAddressesView.swift in Sources */ = {isa = PBXBuildFile; fileRef = 8179D43B2C04EE4000927E8E /* MyAddressesView.swift */; };
		8179D43E2C04EFBA00927E8E /* AddAddressView.swift in Sources */ = {isa = PBXBuildFile; fileRef = 8179D43D2C04EFBA00927E8E /* AddAddressView.swift */; };
		818660042C01E282003CBF97 /* SignUpView.swift in Sources */ = {isa = PBXBuildFile; fileRef = 818660032C01E282003CBF97 /* SignUpView.swift */; };
		818660062C01E6F5003CBF97 /* Extensions.swift in Sources */ = {isa = PBXBuildFile; fileRef = 818660052C01E6F5003CBF97 /* Extensions.swift */; };
		81B2A2FF2C0729B300E31612 /* UpdateAddressView.swift in Sources */ = {isa = PBXBuildFile; fileRef = 81B2A2FE2C0729B300E31612 /* UpdateAddressView.swift */; };
		81B35B772C00C9B2008BBF21 /* GoogleService-Info.plist in Resources */ = {isa = PBXBuildFile; fileRef = 81B35B762C00C9B2008BBF21 /* GoogleService-Info.plist */; };
		81B35B7A2C00CAFE008BBF21 /* FirebaseAnalytics in Frameworks */ = {isa = PBXBuildFile; productRef = 81B35B792C00CAFE008BBF21 /* FirebaseAnalytics */; };
		81B35B7E2C00CAFE008BBF21 /* FirebaseAnalyticsSwift in Frameworks */ = {isa = PBXBuildFile; productRef = 81B35B7D2C00CAFE008BBF21 /* FirebaseAnalyticsSwift */; };
		81B35B862C00CAFE008BBF21 /* FirebaseAuth in Frameworks */ = {isa = PBXBuildFile; productRef = 81B35B852C00CAFE008BBF21 /* FirebaseAuth */; };
		81B35B922C00CAFE008BBF21 /* FirebaseFirestore in Frameworks */ = {isa = PBXBuildFile; productRef = 81B35B912C00CAFE008BBF21 /* FirebaseFirestore */; };
		81B35B962C00CAFE008BBF21 /* FirebaseFirestoreSwift in Frameworks */ = {isa = PBXBuildFile; productRef = 81B35B952C00CAFE008BBF21 /* FirebaseFirestoreSwift */; };
		81B35BB22C00CB76008BBF21 /* AuthenticationManager.swift in Sources */ = {isa = PBXBuildFile; fileRef = 81B35BB12C00CB76008BBF21 /* AuthenticationManager.swift */; };
		81B35BBE2C00CD7C008BBF21 /* Utilities.swift in Sources */ = {isa = PBXBuildFile; fileRef = 81B35BBD2C00CD7C008BBF21 /* Utilities.swift */; };
		81B35BC22C00CE07008BBF21 /* ProfileViewModel.swift in Sources */ = {isa = PBXBuildFile; fileRef = 81B35BC12C00CE07008BBF21 /* ProfileViewModel.swift */; };
		81B35BC52C00CE3C008BBF21 /* UserManager.swift in Sources */ = {isa = PBXBuildFile; fileRef = 81B35BC42C00CE3C008BBF21 /* UserManager.swift */; };
		81B35BC92C00D0A8008BBF21 /* AuthenticationViewModel.swift in Sources */ = {isa = PBXBuildFile; fileRef = 81B35BC82C00D0A8008BBF21 /* AuthenticationViewModel.swift */; };
		81B35BCD2C00D3E4008BBF21 /* SettingsViewModel.swift in Sources */ = {isa = PBXBuildFile; fileRef = 81B35BCC2C00D3E4008BBF21 /* SettingsViewModel.swift */; };
		81B35BCF2C00D407008BBF21 /* SettingsView.swift in Sources */ = {isa = PBXBuildFile; fileRef = 81B35BCE2C00D407008BBF21 /* SettingsView.swift */; };
		81B6F5F42C05D00900922E12 /* DBUser.swift in Sources */ = {isa = PBXBuildFile; fileRef = 81B6F5F32C05D00900922E12 /* DBUser.swift */; };
		81B6F5F62C05D10400922E12 /* AddressModel.swift in Sources */ = {isa = PBXBuildFile; fileRef = 81B6F5F52C05D10400922E12 /* AddressModel.swift */; };
		81B6F5F82C05D4DA00922E12 /* Alert.swift in Sources */ = {isa = PBXBuildFile; fileRef = 81B6F5F72C05D4DA00922E12 /* Alert.swift */; };
		81B6F5FA2C05D7A700922E12 /* AddressCardView.swift in Sources */ = {isa = PBXBuildFile; fileRef = 81B6F5F92C05D7A700922E12 /* AddressCardView.swift */; };
/* End PBXBuildFile section */

/* Begin PBXFileReference section */
		8123BAAD2BF6291B0005434D /* SignInView.swift */ = {isa = PBXFileReference; lastKnownFileType = sourcecode.swift; path = SignInView.swift; sourceTree = "<group>"; };
		81269DFB2BF38F3900A2137D /* Shopnow.app */ = {isa = PBXFileReference; explicitFileType = wrapper.application; includeInIndex = 0; path = Shopnow.app; sourceTree = BUILT_PRODUCTS_DIR; };
		81269DFE2BF38F3900A2137D /* ShopnowApp.swift */ = {isa = PBXFileReference; lastKnownFileType = sourcecode.swift; path = ShopnowApp.swift; sourceTree = "<group>"; };
		81269E002BF38F3900A2137D /* RootView.swift */ = {isa = PBXFileReference; lastKnownFileType = sourcecode.swift; path = RootView.swift; sourceTree = "<group>"; };
		81269E022BF38F3A00A2137D /* Assets.xcassets */ = {isa = PBXFileReference; lastKnownFileType = folder.assetcatalog; path = Assets.xcassets; sourceTree = "<group>"; };
		81269E052BF38F3A00A2137D /* Preview Assets.xcassets */ = {isa = PBXFileReference; lastKnownFileType = folder.assetcatalog; path = "Preview Assets.xcassets"; sourceTree = "<group>"; };
		81269E0D2BF3939800A2137D /* HomeView.swift */ = {isa = PBXFileReference; lastKnownFileType = sourcecode.swift; name = HomeView.swift; path = ../Views/Tabs/HomeView.swift; sourceTree = "<group>"; };
		81269E0F2BF393B100A2137D /* FavoriesView.swift */ = {isa = PBXFileReference; lastKnownFileType = sourcecode.swift; path = FavoriesView.swift; sourceTree = "<group>"; };
		81269E112BF393C100A2137D /* CategoriesView.swift */ = {isa = PBXFileReference; lastKnownFileType = sourcecode.swift; path = CategoriesView.swift; sourceTree = "<group>"; };
		81269E132BF393DD00A2137D /* BasketView.swift */ = {isa = PBXFileReference; lastKnownFileType = sourcecode.swift; path = BasketView.swift; sourceTree = "<group>"; };
		81269E152BF3940600A2137D /* ProfileView.swift */ = {isa = PBXFileReference; lastKnownFileType = sourcecode.swift; path = ProfileView.swift; sourceTree = "<group>"; };
		8152D2BC2C09EA0D00794036 /* CommentModel.swift */ = {isa = PBXFileReference; lastKnownFileType = sourcecode.swift; path = CommentModel.swift; sourceTree = "<group>"; };
		8152D2BE2C09EAA300794036 /* CommentManager.swift */ = {isa = PBXFileReference; lastKnownFileType = sourcecode.swift; path = CommentManager.swift; sourceTree = "<group>"; };
		8152D2C22C09EBF200794036 /* CommentsView.swift */ = {isa = PBXFileReference; lastKnownFileType = sourcecode.swift; path = CommentsView.swift; sourceTree = "<group>"; };
		8152D2C42C09FA6C00794036 /* AddCommentView.swift */ = {isa = PBXFileReference; lastKnownFileType = sourcecode.swift; path = AddCommentView.swift; sourceTree = "<group>"; };
		8152D2C72C0A1DF900794036 /* SelectedProductModel.swift */ = {isa = PBXFileReference; lastKnownFileType = sourcecode.swift; path = SelectedProductModel.swift; sourceTree = "<group>"; };
		8152D2CB2C0A1F6700794036 /* CartViewModel.swift */ = {isa = PBXFileReference; lastKnownFileType = sourcecode.swift; path = CartViewModel.swift; sourceTree = "<group>"; };
		815EFA932C0870BD007F106D /* SubCategoriesView.swift */ = {isa = PBXFileReference; lastKnownFileType = sourcecode.swift; path = SubCategoriesView.swift; sourceTree = "<group>"; };
		815EFA952C0879E0007F106D /* ProductManager.swift */ = {isa = PBXFileReference; lastKnownFileType = sourcecode.swift; path = ProductManager.swift; sourceTree = "<group>"; };
		815EFA972C087A7D007F106D /* ProductModel.swift */ = {isa = PBXFileReference; lastKnownFileType = sourcecode.swift; path = ProductModel.swift; sourceTree = "<group>"; };
		815EFA992C087BEA007F106D /* ProductsViewModel.swift */ = {isa = PBXFileReference; lastKnownFileType = sourcecode.swift; path = ProductsViewModel.swift; sourceTree = "<group>"; };
		815EFA9B2C087CEB007F106D /* ProductListView.swift */ = {isa = PBXFileReference; lastKnownFileType = sourcecode.swift; path = ProductListView.swift; sourceTree = "<group>"; };
		815EFA9D2C08995F007F106D /* ProductDetailView.swift */ = {isa = PBXFileReference; lastKnownFileType = sourcecode.swift; path = ProductDetailView.swift; sourceTree = "<group>"; };
		81675A352C049AD400C2E0C7 /* MyAccountView.swift */ = {isa = PBXFileReference; lastKnownFileType = sourcecode.swift; path = MyAccountView.swift; sourceTree = "<group>"; };
		81675A372C04B13B00C2E0C7 /* Info.plist */ = {isa = PBXFileReference; lastKnownFileType = text.plist; path = Info.plist; sourceTree = "<group>"; };
		81675A3B2C04B8B400C2E0C7 /* UpdateEmailView.swift */ = {isa = PBXFileReference; lastKnownFileType = sourcecode.swift; path = UpdateEmailView.swift; sourceTree = "<group>"; };
		8179D43B2C04EE4000927E8E /* MyAddressesView.swift */ = {isa = PBXFileReference; lastKnownFileType = sourcecode.swift; path = MyAddressesView.swift; sourceTree = "<group>"; };
		8179D43D2C04EFBA00927E8E /* AddAddressView.swift */ = {isa = PBXFileReference; lastKnownFileType = sourcecode.swift; path = AddAddressView.swift; sourceTree = "<group>"; };
		818660032C01E282003CBF97 /* SignUpView.swift */ = {isa = PBXFileReference; lastKnownFileType = sourcecode.swift; path = SignUpView.swift; sourceTree = "<group>"; };
		818660052C01E6F5003CBF97 /* Extensions.swift */ = {isa = PBXFileReference; lastKnownFileType = sourcecode.swift; path = Extensions.swift; sourceTree = "<group>"; };
		81B2A2FE2C0729B300E31612 /* UpdateAddressView.swift */ = {isa = PBXFileReference; lastKnownFileType = sourcecode.swift; path = UpdateAddressView.swift; sourceTree = "<group>"; };
		81B35B762C00C9B2008BBF21 /* GoogleService-Info.plist */ = {isa = PBXFileReference; fileEncoding = 4; lastKnownFileType = text.plist.xml; path = "GoogleService-Info.plist"; sourceTree = "<group>"; };
		81B35BB12C00CB76008BBF21 /* AuthenticationManager.swift */ = {isa = PBXFileReference; lastKnownFileType = sourcecode.swift; path = AuthenticationManager.swift; sourceTree = "<group>"; };
		81B35BBD2C00CD7C008BBF21 /* Utilities.swift */ = {isa = PBXFileReference; lastKnownFileType = sourcecode.swift; path = Utilities.swift; sourceTree = "<group>"; };
		81B35BC12C00CE07008BBF21 /* ProfileViewModel.swift */ = {isa = PBXFileReference; lastKnownFileType = sourcecode.swift; path = ProfileViewModel.swift; sourceTree = "<group>"; };
		81B35BC42C00CE3C008BBF21 /* UserManager.swift */ = {isa = PBXFileReference; lastKnownFileType = sourcecode.swift; path = UserManager.swift; sourceTree = "<group>"; };
		81B35BC82C00D0A8008BBF21 /* AuthenticationViewModel.swift */ = {isa = PBXFileReference; lastKnownFileType = sourcecode.swift; path = AuthenticationViewModel.swift; sourceTree = "<group>"; };
		81B35BCC2C00D3E4008BBF21 /* SettingsViewModel.swift */ = {isa = PBXFileReference; lastKnownFileType = sourcecode.swift; path = SettingsViewModel.swift; sourceTree = "<group>"; };
		81B35BCE2C00D407008BBF21 /* SettingsView.swift */ = {isa = PBXFileReference; lastKnownFileType = sourcecode.swift; path = SettingsView.swift; sourceTree = "<group>"; };
		81B6F5F32C05D00900922E12 /* DBUser.swift */ = {isa = PBXFileReference; lastKnownFileType = sourcecode.swift; path = DBUser.swift; sourceTree = "<group>"; };
		81B6F5F52C05D10400922E12 /* AddressModel.swift */ = {isa = PBXFileReference; lastKnownFileType = sourcecode.swift; path = AddressModel.swift; sourceTree = "<group>"; };
		81B6F5F72C05D4DA00922E12 /* Alert.swift */ = {isa = PBXFileReference; lastKnownFileType = sourcecode.swift; path = Alert.swift; sourceTree = "<group>"; };
		81B6F5F92C05D7A700922E12 /* AddressCardView.swift */ = {isa = PBXFileReference; lastKnownFileType = sourcecode.swift; path = AddressCardView.swift; sourceTree = "<group>"; };
/* End PBXFileReference section */

/* Begin PBXFrameworksBuildPhase section */
		81269DF82BF38F3900A2137D /* Frameworks */ = {
			isa = PBXFrameworksBuildPhase;
			buildActionMask = 2147483647;
			files = (
				81B35B922C00CAFE008BBF21 /* FirebaseFirestore in Frameworks */,
				81B35B7E2C00CAFE008BBF21 /* FirebaseAnalyticsSwift in Frameworks */,
				81B35B7A2C00CAFE008BBF21 /* FirebaseAnalytics in Frameworks */,
				81B35B962C00CAFE008BBF21 /* FirebaseFirestoreSwift in Frameworks */,
				81B35B862C00CAFE008BBF21 /* FirebaseAuth in Frameworks */,
			);
			runOnlyForDeploymentPostprocessing = 0;
		};
/* End PBXFrameworksBuildPhase section */

/* Begin PBXGroup section */
		8123BAAC2BF628EF0005434D /* Authentication */ = {
			isa = PBXGroup;
			children = (
				81B35BB12C00CB76008BBF21 /* AuthenticationManager.swift */,
			);
			path = Authentication;
			sourceTree = "<group>";
		};
		81269DF22BF38F3900A2137D = {
			isa = PBXGroup;
			children = (
				81269DFD2BF38F3900A2137D /* Shopnow */,
				81269DFC2BF38F3900A2137D /* Products */,
			);
			sourceTree = "<group>";
		};
		81269DFC2BF38F3900A2137D /* Products */ = {
			isa = PBXGroup;
			children = (
				81269DFB2BF38F3900A2137D /* Shopnow.app */,
			);
			name = Products;
			sourceTree = "<group>";
		};
		81269DFD2BF38F3900A2137D /* Shopnow */ = {
			isa = PBXGroup;
			children = (
				81675A372C04B13B00C2E0C7 /* Info.plist */,
				81B35BC32C00CE2C008BBF21 /* Firestore */,
				81B35BBC2C00CD6D008BBF21 /* Utilities */,
				8123BAAC2BF628EF0005434D /* Authentication */,
				81B35BB32C00CC12008BBF21 /* Core */,
				81B35B762C00C9B2008BBF21 /* GoogleService-Info.plist */,
				81269DFE2BF38F3900A2137D /* ShopnowApp.swift */,
				81269E022BF38F3A00A2137D /* Assets.xcassets */,
				81269E042BF38F3A00A2137D /* Preview Content */,
			);
			path = Shopnow;
			sourceTree = "<group>";
		};
		81269E042BF38F3A00A2137D /* Preview Content */ = {
			isa = PBXGroup;
			children = (
				81269E052BF38F3A00A2137D /* Preview Assets.xcassets */,
			);
			path = "Preview Content";
			sourceTree = "<group>";
		};
		8152D2C02C09EB3300794036 /* Views */ = {
			isa = PBXGroup;
			children = (
				81269E112BF393C100A2137D /* CategoriesView.swift */,
				815EFA932C0870BD007F106D /* SubCategoriesView.swift */,
				815EFA9B2C087CEB007F106D /* ProductListView.swift */,
				815EFA9D2C08995F007F106D /* ProductDetailView.swift */,
				8152D2C22C09EBF200794036 /* CommentsView.swift */,
				8152D2C42C09FA6C00794036 /* AddCommentView.swift */,
			);
			path = Views;
			sourceTree = "<group>";
		};
		8152D2C62C0A16E700794036 /* ViewModels */ = {
			isa = PBXGroup;
			children = (
				81B35BC12C00CE07008BBF21 /* ProfileViewModel.swift */,
				815EFA992C087BEA007F106D /* ProductsViewModel.swift */,
				8152D2CB2C0A1F6700794036 /* CartViewModel.swift */,
			);
			path = ViewModels;
			sourceTree = "<group>";
		};
		81675A342C049AC300C2E0C7 /* Account */ = {
			isa = PBXGroup;
			children = (
				81675A352C049AD400C2E0C7 /* MyAccountView.swift */,
			);
			path = Account;
			sourceTree = "<group>";
		};
		81675A3A2C04B8A400C2E0C7 /* UpdateEmail */ = {
			isa = PBXGroup;
			children = (
				81675A3B2C04B8B400C2E0C7 /* UpdateEmailView.swift */,
			);
			path = UpdateEmail;
			sourceTree = "<group>";
		};
		8179D43A2C04EE2200927E8E /* Addresses */ = {
			isa = PBXGroup;
			children = (
				8179D43B2C04EE4000927E8E /* MyAddressesView.swift */,
				8179D43D2C04EFBA00927E8E /* AddAddressView.swift */,
				81B6F5F92C05D7A700922E12 /* AddressCardView.swift */,
				81B2A2FE2C0729B300E31612 /* UpdateAddressView.swift */,
			);
			path = Addresses;
			sourceTree = "<group>";
		};
		81B35BB32C00CC12008BBF21 /* Core */ = {
			isa = PBXGroup;
			children = (
				81269E002BF38F3900A2137D /* RootView.swift */,
				81B35BBA2C00CD0F008BBF21 /* Shared */,
				81B35BB92C00CCE6008BBF21 /* Basket */,
				81B35BB82C00CCE1008BBF21 /* Categories */,
				81B35BB72C00CCD9008BBF21 /* Favories */,
				81B35BB52C00CC3D008BBF21 /* Profile */,
				81B35BB42C00CC2B008BBF21 /* Home */,
			);
			path = Core;
			sourceTree = "<group>";
		};
		81B35BB42C00CC2B008BBF21 /* Home */ = {
			isa = PBXGroup;
			children = (
				81269E0D2BF3939800A2137D /* HomeView.swift */,
			);
			path = Home;
			sourceTree = "<group>";
		};
		81B35BB52C00CC3D008BBF21 /* Profile */ = {
			isa = PBXGroup;
			children = (
				8179D43A2C04EE2200927E8E /* Addresses */,
				81675A3A2C04B8A400C2E0C7 /* UpdateEmail */,
				81675A342C049AC300C2E0C7 /* Account */,
				81B35BCB2C00D3D8008BBF21 /* Settings */,
				81B35BC62C00D07D008BBF21 /* Authentication */,
				81B35BC02C00CDD3008BBF21 /* ViewModels */,
				81B35BBF2C00CDCA008BBF21 /* Views */,
			);
			path = Profile;
			sourceTree = "<group>";
		};
		81B35BB72C00CCD9008BBF21 /* Favories */ = {
			isa = PBXGroup;
			children = (
				81269E0F2BF393B100A2137D /* FavoriesView.swift */,
			);
			path = Favories;
			sourceTree = "<group>";
		};
		81B35BB82C00CCE1008BBF21 /* Categories */ = {
			isa = PBXGroup;
			children = (
				8152D2C02C09EB3300794036 /* Views */,
			);
			path = Categories;
			sourceTree = "<group>";
		};
		81B35BB92C00CCE6008BBF21 /* Basket */ = {
			isa = PBXGroup;
			children = (
				81269E132BF393DD00A2137D /* BasketView.swift */,
			);
			path = Basket;
			sourceTree = "<group>";
		};
		81B35BBA2C00CD0F008BBF21 /* Shared */ = {
			isa = PBXGroup;
			children = (
				8152D2C62C0A16E700794036 /* ViewModels */,
			);
			path = Shared;
			sourceTree = "<group>";
		};
		81B35BBC2C00CD6D008BBF21 /* Utilities */ = {
			isa = PBXGroup;
			children = (
				81B35BBD2C00CD7C008BBF21 /* Utilities.swift */,
				818660052C01E6F5003CBF97 /* Extensions.swift */,
				81B6F5F72C05D4DA00922E12 /* Alert.swift */,
			);
			path = Utilities;
			sourceTree = "<group>";
		};
		81B35BBF2C00CDCA008BBF21 /* Views */ = {
			isa = PBXGroup;
			children = (
				81269E152BF3940600A2137D /* ProfileView.swift */,
			);
			path = Views;
			sourceTree = "<group>";
		};
		81B35BC02C00CDD3008BBF21 /* ViewModels */ = {
			isa = PBXGroup;
			children = (
			);
			path = ViewModels;
			sourceTree = "<group>";
		};
		81B35BC32C00CE2C008BBF21 /* Firestore */ = {
			isa = PBXGroup;
			children = (
				8152D2BE2C09EAA300794036 /* CommentManager.swift */,
				81B35BC42C00CE3C008BBF21 /* UserManager.swift */,
				815EFA952C0879E0007F106D /* ProductManager.swift */,
				81B6F5F22C05CFF900922E12 /* Models */,
			);
			path = Firestore;
			sourceTree = "<group>";
		};
		81B35BC62C00D07D008BBF21 /* Authentication */ = {
			isa = PBXGroup;
			children = (
				81B35BC72C00D09D008BBF21 /* ViewModels */,
				81B35BCA2C00D103008BBF21 /* Views */,
			);
			path = Authentication;
			sourceTree = "<group>";
		};
		81B35BC72C00D09D008BBF21 /* ViewModels */ = {
			isa = PBXGroup;
			children = (
				81B35BC82C00D0A8008BBF21 /* AuthenticationViewModel.swift */,
			);
			path = ViewModels;
			sourceTree = "<group>";
		};
		81B35BCA2C00D103008BBF21 /* Views */ = {
			isa = PBXGroup;
			children = (
				8123BAAD2BF6291B0005434D /* SignInView.swift */,
				818660032C01E282003CBF97 /* SignUpView.swift */,
			);
			path = Views;
			sourceTree = "<group>";
		};
		81B35BCB2C00D3D8008BBF21 /* Settings */ = {
			isa = PBXGroup;
			children = (
				81B35BCC2C00D3E4008BBF21 /* SettingsViewModel.swift */,
				81B35BCE2C00D407008BBF21 /* SettingsView.swift */,
			);
			path = Settings;
			sourceTree = "<group>";
		};
		81B6F5F22C05CFF900922E12 /* Models */ = {
			isa = PBXGroup;
			children = (
				81B6F5F32C05D00900922E12 /* DBUser.swift */,
				81B6F5F52C05D10400922E12 /* AddressModel.swift */,
				815EFA972C087A7D007F106D /* ProductModel.swift */,
				8152D2BC2C09EA0D00794036 /* CommentModel.swift */,
				8152D2C72C0A1DF900794036 /* SelectedProductModel.swift */,
			);
			path = Models;
			sourceTree = "<group>";
		};
/* End PBXGroup section */

/* Begin PBXNativeTarget section */
		81269DFA2BF38F3900A2137D /* Shopnow */ = {
			isa = PBXNativeTarget;
			buildConfigurationList = 81269E092BF38F3A00A2137D /* Build configuration list for PBXNativeTarget "Shopnow" */;
			buildPhases = (
				81269DF72BF38F3900A2137D /* Sources */,
				81269DF82BF38F3900A2137D /* Frameworks */,
				81269DF92BF38F3900A2137D /* Resources */,
			);
			buildRules = (
			);
			dependencies = (
			);
			name = Shopnow;
			packageProductDependencies = (
				81B35B792C00CAFE008BBF21 /* FirebaseAnalytics */,
				81B35B7D2C00CAFE008BBF21 /* FirebaseAnalyticsSwift */,
				81B35B852C00CAFE008BBF21 /* FirebaseAuth */,
				81B35B912C00CAFE008BBF21 /* FirebaseFirestore */,
				81B35B952C00CAFE008BBF21 /* FirebaseFirestoreSwift */,
			);
			productName = Shopnow;
			productReference = 81269DFB2BF38F3900A2137D /* Shopnow.app */;
			productType = "com.apple.product-type.application";
		};
/* End PBXNativeTarget section */

/* Begin PBXProject section */
		81269DF32BF38F3900A2137D /* Project object */ = {
			isa = PBXProject;
			attributes = {
				BuildIndependentTargetsInParallel = 1;
				LastSwiftUpdateCheck = 1520;
				LastUpgradeCheck = 1520;
				TargetAttributes = {
					81269DFA2BF38F3900A2137D = {
						CreatedOnToolsVersion = 15.2;
					};
				};
			};
			buildConfigurationList = 81269DF62BF38F3900A2137D /* Build configuration list for PBXProject "Shopnow" */;
			compatibilityVersion = "Xcode 14.0";
			developmentRegion = tr;
			hasScannedForEncodings = 0;
			knownRegions = (
				Base,
				tr,
			);
			mainGroup = 81269DF22BF38F3900A2137D;
			packageReferences = (
				81B35B782C00CAFE008BBF21 /* XCRemoteSwiftPackageReference "firebase-ios-sdk" */,
			);
			productRefGroup = 81269DFC2BF38F3900A2137D /* Products */;
			projectDirPath = "";
			projectRoot = "";
			targets = (
				81269DFA2BF38F3900A2137D /* Shopnow */,
			);
		};
/* End PBXProject section */

/* Begin PBXResourcesBuildPhase section */
		81269DF92BF38F3900A2137D /* Resources */ = {
			isa = PBXResourcesBuildPhase;
			buildActionMask = 2147483647;
			files = (
				81269E062BF38F3A00A2137D /* Preview Assets.xcassets in Resources */,
				81269E032BF38F3A00A2137D /* Assets.xcassets in Resources */,
				81B35B772C00C9B2008BBF21 /* GoogleService-Info.plist in Resources */,
			);
			runOnlyForDeploymentPostprocessing = 0;
		};
/* End PBXResourcesBuildPhase section */

/* Begin PBXSourcesBuildPhase section */
		81269DF72BF38F3900A2137D /* Sources */ = {
			isa = PBXSourcesBuildPhase;
			buildActionMask = 2147483647;
			files = (
				81B6F5FA2C05D7A700922E12 /* AddressCardView.swift in Sources */,
				815EFA9E2C08995F007F106D /* ProductDetailView.swift in Sources */,
				815EFA962C0879E0007F106D /* ProductManager.swift in Sources */,
				81269E122BF393C100A2137D /* CategoriesView.swift in Sources */,
				81269E102BF393B100A2137D /* FavoriesView.swift in Sources */,
				81B35BC52C00CE3C008BBF21 /* UserManager.swift in Sources */,
				81B35BB22C00CB76008BBF21 /* AuthenticationManager.swift in Sources */,
				8152D2BD2C09EA0D00794036 /* CommentModel.swift in Sources */,
				815EFA982C087A7D007F106D /* ProductModel.swift in Sources */,
				815EFA9C2C087CEB007F106D /* ProductListView.swift in Sources */,
				81B6F5F62C05D10400922E12 /* AddressModel.swift in Sources */,
				81269E0E2BF3939800A2137D /* HomeView.swift in Sources */,
				81B35BCF2C00D407008BBF21 /* SettingsView.swift in Sources */,
				81269E012BF38F3900A2137D /* RootView.swift in Sources */,
				818660062C01E6F5003CBF97 /* Extensions.swift in Sources */,
				8152D2C82C0A1DF900794036 /* SelectedProductModel.swift in Sources */,
				81B35BC92C00D0A8008BBF21 /* AuthenticationViewModel.swift in Sources */,
				8123BAAE2BF6291B0005434D /* SignInView.swift in Sources */,
				81B35BBE2C00CD7C008BBF21 /* Utilities.swift in Sources */,
				81B6F5F42C05D00900922E12 /* DBUser.swift in Sources */,
				81675A362C049AD400C2E0C7 /* MyAccountView.swift in Sources */,
				81269E142BF393DD00A2137D /* BasketView.swift in Sources */,
				8152D2CC2C0A1F6700794036 /* CartViewModel.swift in Sources */,
				815EFA9A2C087BEA007F106D /* ProductsViewModel.swift in Sources */,
				81269E162BF3940600A2137D /* ProfileView.swift in Sources */,
				81B35BC22C00CE07008BBF21 /* ProfileViewModel.swift in Sources */,
				81B6F5F82C05D4DA00922E12 /* Alert.swift in Sources */,
				81269DFF2BF38F3900A2137D /* ShopnowApp.swift in Sources */,
				81B2A2FF2C0729B300E31612 /* UpdateAddressView.swift in Sources */,
				8152D2C32C09EBF200794036 /* CommentsView.swift in Sources */,
				818660042C01E282003CBF97 /* SignUpView.swift in Sources */,
				81675A3C2C04B8B400C2E0C7 /* UpdateEmailView.swift in Sources */,
				81B35BCD2C00D3E4008BBF21 /* SettingsViewModel.swift in Sources */,
				8179D43C2C04EE4000927E8E /* MyAddressesView.swift in Sources */,
				8152D2BF2C09EAA300794036 /* CommentManager.swift in Sources */,
				8179D43E2C04EFBA00927E8E /* AddAddressView.swift in Sources */,
				8152D2C52C09FA6C00794036 /* AddCommentView.swift in Sources */,
				815EFA942C0870BD007F106D /* SubCategoriesView.swift in Sources */,
			);
			runOnlyForDeploymentPostprocessing = 0;
		};
/* End PBXSourcesBuildPhase section */

/* Begin XCBuildConfiguration section */
		81269E072BF38F3A00A2137D /* Debug */ = {
			isa = XCBuildConfiguration;
			buildSettings = {
				ALWAYS_SEARCH_USER_PATHS = NO;
				ASSETCATALOG_COMPILER_GENERATE_SWIFT_ASSET_SYMBOL_EXTENSIONS = YES;
				CLANG_ANALYZER_NONNULL = YES;
				CLANG_ANALYZER_NUMBER_OBJECT_CONVERSION = YES_AGGRESSIVE;
				CLANG_CXX_LANGUAGE_STANDARD = "gnu++20";
				CLANG_ENABLE_MODULES = YES;
				CLANG_ENABLE_OBJC_ARC = YES;
				CLANG_ENABLE_OBJC_WEAK = YES;
				CLANG_WARN_BLOCK_CAPTURE_AUTORELEASING = YES;
				CLANG_WARN_BOOL_CONVERSION = YES;
				CLANG_WARN_COMMA = YES;
				CLANG_WARN_CONSTANT_CONVERSION = YES;
				CLANG_WARN_DEPRECATED_OBJC_IMPLEMENTATIONS = YES;
				CLANG_WARN_DIRECT_OBJC_ISA_USAGE = YES_ERROR;
				CLANG_WARN_DOCUMENTATION_COMMENTS = YES;
				CLANG_WARN_EMPTY_BODY = YES;
				CLANG_WARN_ENUM_CONVERSION = YES;
				CLANG_WARN_INFINITE_RECURSION = YES;
				CLANG_WARN_INT_CONVERSION = YES;
				CLANG_WARN_NON_LITERAL_NULL_CONVERSION = YES;
				CLANG_WARN_OBJC_IMPLICIT_RETAIN_SELF = YES;
				CLANG_WARN_OBJC_LITERAL_CONVERSION = YES;
				CLANG_WARN_OBJC_ROOT_CLASS = YES_ERROR;
				CLANG_WARN_QUOTED_INCLUDE_IN_FRAMEWORK_HEADER = YES;
				CLANG_WARN_RANGE_LOOP_ANALYSIS = YES;
				CLANG_WARN_STRICT_PROTOTYPES = YES;
				CLANG_WARN_SUSPICIOUS_MOVE = YES;
				CLANG_WARN_UNGUARDED_AVAILABILITY = YES_AGGRESSIVE;
				CLANG_WARN_UNREACHABLE_CODE = YES;
				CLANG_WARN__DUPLICATE_METHOD_MATCH = YES;
				COPY_PHASE_STRIP = NO;
				DEBUG_INFORMATION_FORMAT = dwarf;
				ENABLE_STRICT_OBJC_MSGSEND = YES;
				ENABLE_TESTABILITY = YES;
				ENABLE_USER_SCRIPT_SANDBOXING = YES;
				GCC_C_LANGUAGE_STANDARD = gnu17;
				GCC_DYNAMIC_NO_PIC = NO;
				GCC_NO_COMMON_BLOCKS = YES;
				GCC_OPTIMIZATION_LEVEL = 0;
				GCC_PREPROCESSOR_DEFINITIONS = (
					"DEBUG=1",
					"$(inherited)",
				);
				GCC_WARN_64_TO_32_BIT_CONVERSION = YES;
				GCC_WARN_ABOUT_RETURN_TYPE = YES_ERROR;
				GCC_WARN_UNDECLARED_SELECTOR = YES;
				GCC_WARN_UNINITIALIZED_AUTOS = YES_AGGRESSIVE;
				GCC_WARN_UNUSED_FUNCTION = YES;
				GCC_WARN_UNUSED_VARIABLE = YES;
				IPHONEOS_DEPLOYMENT_TARGET = 16.0;
				LOCALIZATION_PREFERS_STRING_CATALOGS = YES;
				MTL_ENABLE_DEBUG_INFO = INCLUDE_SOURCE;
				MTL_FAST_MATH = YES;
				ONLY_ACTIVE_ARCH = YES;
				SDKROOT = iphoneos;
				SWIFT_ACTIVE_COMPILATION_CONDITIONS = "DEBUG $(inherited)";
				SWIFT_OPTIMIZATION_LEVEL = "-Onone";
			};
			name = Debug;
		};
		81269E082BF38F3A00A2137D /* Release */ = {
			isa = XCBuildConfiguration;
			buildSettings = {
				ALWAYS_SEARCH_USER_PATHS = NO;
				ASSETCATALOG_COMPILER_GENERATE_SWIFT_ASSET_SYMBOL_EXTENSIONS = YES;
				CLANG_ANALYZER_NONNULL = YES;
				CLANG_ANALYZER_NUMBER_OBJECT_CONVERSION = YES_AGGRESSIVE;
				CLANG_CXX_LANGUAGE_STANDARD = "gnu++20";
				CLANG_ENABLE_MODULES = YES;
				CLANG_ENABLE_OBJC_ARC = YES;
				CLANG_ENABLE_OBJC_WEAK = YES;
				CLANG_WARN_BLOCK_CAPTURE_AUTORELEASING = YES;
				CLANG_WARN_BOOL_CONVERSION = YES;
				CLANG_WARN_COMMA = YES;
				CLANG_WARN_CONSTANT_CONVERSION = YES;
				CLANG_WARN_DEPRECATED_OBJC_IMPLEMENTATIONS = YES;
				CLANG_WARN_DIRECT_OBJC_ISA_USAGE = YES_ERROR;
				CLANG_WARN_DOCUMENTATION_COMMENTS = YES;
				CLANG_WARN_EMPTY_BODY = YES;
				CLANG_WARN_ENUM_CONVERSION = YES;
				CLANG_WARN_INFINITE_RECURSION = YES;
				CLANG_WARN_INT_CONVERSION = YES;
				CLANG_WARN_NON_LITERAL_NULL_CONVERSION = YES;
				CLANG_WARN_OBJC_IMPLICIT_RETAIN_SELF = YES;
				CLANG_WARN_OBJC_LITERAL_CONVERSION = YES;
				CLANG_WARN_OBJC_ROOT_CLASS = YES_ERROR;
				CLANG_WARN_QUOTED_INCLUDE_IN_FRAMEWORK_HEADER = YES;
				CLANG_WARN_RANGE_LOOP_ANALYSIS = YES;
				CLANG_WARN_STRICT_PROTOTYPES = YES;
				CLANG_WARN_SUSPICIOUS_MOVE = YES;
				CLANG_WARN_UNGUARDED_AVAILABILITY = YES_AGGRESSIVE;
				CLANG_WARN_UNREACHABLE_CODE = YES;
				CLANG_WARN__DUPLICATE_METHOD_MATCH = YES;
				COPY_PHASE_STRIP = NO;
				DEBUG_INFORMATION_FORMAT = "dwarf-with-dsym";
				ENABLE_NS_ASSERTIONS = NO;
				ENABLE_STRICT_OBJC_MSGSEND = YES;
				ENABLE_USER_SCRIPT_SANDBOXING = YES;
				GCC_C_LANGUAGE_STANDARD = gnu17;
				GCC_NO_COMMON_BLOCKS = YES;
				GCC_WARN_64_TO_32_BIT_CONVERSION = YES;
				GCC_WARN_ABOUT_RETURN_TYPE = YES_ERROR;
				GCC_WARN_UNDECLARED_SELECTOR = YES;
				GCC_WARN_UNINITIALIZED_AUTOS = YES_AGGRESSIVE;
				GCC_WARN_UNUSED_FUNCTION = YES;
				GCC_WARN_UNUSED_VARIABLE = YES;
				IPHONEOS_DEPLOYMENT_TARGET = 16.0;
				LOCALIZATION_PREFERS_STRING_CATALOGS = YES;
				MTL_ENABLE_DEBUG_INFO = NO;
				MTL_FAST_MATH = YES;
				SDKROOT = iphoneos;
				SWIFT_COMPILATION_MODE = wholemodule;
				VALIDATE_PRODUCT = YES;
			};
			name = Release;
		};
		81269E0A2BF38F3A00A2137D /* Debug */ = {
			isa = XCBuildConfiguration;
			buildSettings = {
				ASSETCATALOG_COMPILER_APPICON_NAME = AppIcon;
				ASSETCATALOG_COMPILER_GLOBAL_ACCENT_COLOR_NAME = AccentColor;
				CODE_SIGN_STYLE = Automatic;
				CURRENT_PROJECT_VERSION = 1;
				DEVELOPMENT_ASSET_PATHS = "\"Shopnow/Preview Content\"";
				DEVELOPMENT_TEAM = J6WDBVB643;
				ENABLE_PREVIEWS = YES;
				GENERATE_INFOPLIST_FILE = YES;
				INFOPLIST_FILE = Shopnow/Info.plist;
				INFOPLIST_KEY_UIApplicationSceneManifest_Generation = YES;
				INFOPLIST_KEY_UIApplicationSupportsIndirectInputEvents = YES;
				INFOPLIST_KEY_UILaunchScreen_Generation = YES;
				INFOPLIST_KEY_UISupportedInterfaceOrientations = UIInterfaceOrientationPortrait;
				INFOPLIST_KEY_UISupportedInterfaceOrientations_iPad = "UIInterfaceOrientationLandscapeLeft UIInterfaceOrientationLandscapeRight UIInterfaceOrientationPortrait UIInterfaceOrientationPortraitUpsideDown";
				INFOPLIST_KEY_UIUserInterfaceStyle = Light;
				LD_RUNPATH_SEARCH_PATHS = (
					"$(inherited)",
					"@executable_path/Frameworks",
				);
				MARKETING_VERSION = 1.0;
				PRODUCT_BUNDLE_IDENTIFIER = com.sametcagriaktepe.Shopnow;
				PRODUCT_NAME = "$(TARGET_NAME)";
				SUPPORTED_PLATFORMS = "iphoneos iphonesimulator";
				SUPPORTS_MACCATALYST = NO;
				SUPPORTS_MAC_DESIGNED_FOR_IPHONE_IPAD = NO;
				SUPPORTS_XR_DESIGNED_FOR_IPHONE_IPAD = NO;
				SWIFT_EMIT_LOC_STRINGS = YES;
				SWIFT_VERSION = 5.0;
				TARGETED_DEVICE_FAMILY = 1;
			};
			name = Debug;
		};
		81269E0B2BF38F3A00A2137D /* Release */ = {
			isa = XCBuildConfiguration;
			buildSettings = {
				ASSETCATALOG_COMPILER_APPICON_NAME = AppIcon;
				ASSETCATALOG_COMPILER_GLOBAL_ACCENT_COLOR_NAME = AccentColor;
				CODE_SIGN_STYLE = Automatic;
				CURRENT_PROJECT_VERSION = 1;
				DEVELOPMENT_ASSET_PATHS = "\"Shopnow/Preview Content\"";
				DEVELOPMENT_TEAM = J6WDBVB643;
				ENABLE_PREVIEWS = YES;
				GENERATE_INFOPLIST_FILE = YES;
				INFOPLIST_FILE = Shopnow/Info.plist;
				INFOPLIST_KEY_UIApplicationSceneManifest_Generation = YES;
				INFOPLIST_KEY_UIApplicationSupportsIndirectInputEvents = YES;
				INFOPLIST_KEY_UILaunchScreen_Generation = YES;
				INFOPLIST_KEY_UISupportedInterfaceOrientations = UIInterfaceOrientationPortrait;
				INFOPLIST_KEY_UISupportedInterfaceOrientations_iPad = "UIInterfaceOrientationLandscapeLeft UIInterfaceOrientationLandscapeRight UIInterfaceOrientationPortrait UIInterfaceOrientationPortraitUpsideDown";
				INFOPLIST_KEY_UIUserInterfaceStyle = Light;
				LD_RUNPATH_SEARCH_PATHS = (
					"$(inherited)",
					"@executable_path/Frameworks",
				);
				MARKETING_VERSION = 1.0;
				PRODUCT_BUNDLE_IDENTIFIER = com.sametcagriaktepe.Shopnow;
				PRODUCT_NAME = "$(TARGET_NAME)";
				SUPPORTED_PLATFORMS = "iphoneos iphonesimulator";
				SUPPORTS_MACCATALYST = NO;
				SUPPORTS_MAC_DESIGNED_FOR_IPHONE_IPAD = NO;
				SUPPORTS_XR_DESIGNED_FOR_IPHONE_IPAD = NO;
				SWIFT_EMIT_LOC_STRINGS = YES;
				SWIFT_VERSION = 5.0;
				TARGETED_DEVICE_FAMILY = 1;
			};
			name = Release;
		};
/* End XCBuildConfiguration section */

/* Begin XCConfigurationList section */
		81269DF62BF38F3900A2137D /* Build configuration list for PBXProject "Shopnow" */ = {
			isa = XCConfigurationList;
			buildConfigurations = (
				81269E072BF38F3A00A2137D /* Debug */,
				81269E082BF38F3A00A2137D /* Release */,
			);
			defaultConfigurationIsVisible = 0;
			defaultConfigurationName = Release;
		};
		81269E092BF38F3A00A2137D /* Build configuration list for PBXNativeTarget "Shopnow" */ = {
			isa = XCConfigurationList;
			buildConfigurations = (
				81269E0A2BF38F3A00A2137D /* Debug */,
				81269E0B2BF38F3A00A2137D /* Release */,
			);
			defaultConfigurationIsVisible = 0;
			defaultConfigurationName = Release;
		};
/* End XCConfigurationList section */

/* Begin XCRemoteSwiftPackageReference section */
		81B35B782C00CAFE008BBF21 /* XCRemoteSwiftPackageReference "firebase-ios-sdk" */ = {
			isa = XCRemoteSwiftPackageReference;
			repositoryURL = "https://github.com/firebase/firebase-ios-sdk";
			requirement = {
				kind = upToNextMajorVersion;
				minimumVersion = 10.26.0;
			};
		};
/* End XCRemoteSwiftPackageReference section */

/* Begin XCSwiftPackageProductDependency section */
		81B35B792C00CAFE008BBF21 /* FirebaseAnalytics */ = {
			isa = XCSwiftPackageProductDependency;
			package = 81B35B782C00CAFE008BBF21 /* XCRemoteSwiftPackageReference "firebase-ios-sdk" */;
			productName = FirebaseAnalytics;
		};
		81B35B7D2C00CAFE008BBF21 /* FirebaseAnalyticsSwift */ = {
			isa = XCSwiftPackageProductDependency;
			package = 81B35B782C00CAFE008BBF21 /* XCRemoteSwiftPackageReference "firebase-ios-sdk" */;
			productName = FirebaseAnalyticsSwift;
		};
		81B35B852C00CAFE008BBF21 /* FirebaseAuth */ = {
			isa = XCSwiftPackageProductDependency;
			package = 81B35B782C00CAFE008BBF21 /* XCRemoteSwiftPackageReference "firebase-ios-sdk" */;
			productName = FirebaseAuth;
		};
		81B35B912C00CAFE008BBF21 /* FirebaseFirestore */ = {
			isa = XCSwiftPackageProductDependency;
			package = 81B35B782C00CAFE008BBF21 /* XCRemoteSwiftPackageReference "firebase-ios-sdk" */;
			productName = FirebaseFirestore;
		};
		81B35B952C00CAFE008BBF21 /* FirebaseFirestoreSwift */ = {
			isa = XCSwiftPackageProductDependency;
			package = 81B35B782C00CAFE008BBF21 /* XCRemoteSwiftPackageReference "firebase-ios-sdk" */;
			productName = FirebaseFirestoreSwift;
		};
/* End XCSwiftPackageProductDependency section */
	};
	rootObject = 81269DF32BF38F3900A2137D /* Project object */;
}
